
Microsoft Visual Studio Solution File, Format Version 12.00
# Visual Studio Version 17
VisualStudioVersion = 17.5.002.0
MinimumVisualStudioVersion = 10.0.40219.1
Project("{2150E333-8FDC-42A3-9474-1A3956D46DE8}") = "prepare", "prepare", "{42EFEAFB-9711-4446-81DD-49DEC46AF624}"
EndProject
Project("{9A19103F-16F7-4668-BE54-9A1E7A4F7556}") = "Learning02", "prepare\Learning02\Learning02.csproj", "{566FC92C-EB59-40DC-B059-D512606CE63D}"
EndProject
Project("{9A19103F-16F7-4668-BE54-9A1E7A4F7556}") = "Learning05", "prepare\Learning05\Learning05.csproj", "{2D2FFEE6-DF18-43FD-BA4F-E3FC02B5822E}"
EndProject
Project("{9A19103F-16F7-4668-BE54-9A1E7A4F7556}") = "Learning04", "prepare\Learning04\Learning04.csproj", "{74F8BE94-7BAC-417C-9C75-FBFC095CBB76}"
EndProject
Project("{9A19103F-16F7-4668-BE54-9A1E7A4F7556}") = "Learning03", "prepare\Learning03\Learning03.csproj", "{F2FD07AE-065F-47EB-9A16-2F9D81270F7B}"
EndProject
Project("{2150E333-8FDC-42A3-9474-1A3956D46DE8}") = "prove", "prove", "{6DEA1AC9-5B7D-48A7-BE9E-A5F91311E55C}"
EndProject
Project("{9A19103F-16F7-4668-BE54-9A1E7A4F7556}") = "Develop03", "prove\Develop03\Develop03.csproj", "{ED02FAC9-D8AE-432C-8185-909C443B6ACB}"
EndProject
Project("{9A19103F-16F7-4668-BE54-9A1E7A4F7556}") = "Develop04", "prove\Develop04\Develop04.csproj", "{84B607C1-9B6C-4999-AC1E-12834930377E}"
EndProject
Project("{9A19103F-16F7-4668-BE54-9A1E7A4F7556}") = "Develop05", "prove\Develop05\Develop05.csproj", "{BEA50F58-1698-4CD5-816D-2F12042D3A40}"
EndProject
Project("{9A19103F-16F7-4668-BE54-9A1E7A4F7556}") = "Develop02", "prove\Develop02\Develop02.csproj", "{83655B44-9C7D-4351-A8EC-3F60A1FF81F1}"
EndProject
Project("{2150E333-8FDC-42A3-9474-1A3956D46DE8}") = "sandbox", "sandbox", "{CA47DE5E-9941-4269-A32F-4ACB7B45FB51}"
EndProject
Project("{9A19103F-16F7-4668-BE54-9A1E7A4F7556}") = "Sandbox", "sandbox\Sandbox\Sandbox.csproj", "{96242517-41E8-40EB-A3B3-F7FB099AC5A0}"
EndProject
Project("{2150E333-8FDC-42A3-9474-1A3956D46DE8}") = "final", "final", "{7AF01F66-5904-48FD-A35F-3DD0A82C1FCE}"
EndProject
Project("{9A19103F-16F7-4668-BE54-9A1E7A4F7556}") = "FinalProject", "final\FinalProject\FinalProject.csproj", "{37BA709D-65CB-4E16-9493-7DEDB6A743B1}"
EndProject
Project("{9A19103F-16F7-4668-BE54-9A1E7A4F7556}") = "Foundation1", "final\Foundation1\Foundation1.csproj", "{E0198818-3081-42EB-9BF8-82E853504F6C}"
EndProject
Project("{9A19103F-16F7-4668-BE54-9A1E7A4F7556}") = "Foundation4", "final\Foundation4\Foundation4.csproj", "{95B911E5-4CE0-400A-BE46-6E773F678609}"
EndProject
Project("{9A19103F-16F7-4668-BE54-9A1E7A4F7556}") = "Foundation3", "final\Foundation3\Foundation3.csproj", "{E8647E95-A0AE-4F2C-A788-B2A39D3702A8}"
EndProject
Project("{9A19103F-16F7-4668-BE54-9A1E7A4F7556}") = "Foundation2", "final\Foundation2\Foundation2.csproj", "{A50DBD7C-D703-404F-8CCD-C8D7EA7856B1}"
EndProject
Project("{2150E333-8FDC-42A3-9474-1A3956D46DE8}") = "csharp-prep", "csharp-prep", "{D503AB58-AF03-4DB9-9797-DD2145231A58}"
EndProject
Project("{9A19103F-16F7-4668-BE54-9A1E7A4F7556}") = "Prep1", "csharp-prep\Prep1\Prep1.csproj", "{8E77CDFB-341C-4623-8118-64BE42BF1ED3}"
EndProject
Project("{9A19103F-16F7-4668-BE54-9A1E7A4F7556}") = "Prep5", "csharp-prep\Prep5\Prep5.csproj", "{2276FA28-354D-43AA-B6AA-E842F19F96EB}"
EndProject
Project("{9A19103F-16F7-4668-BE54-9A1E7A4F7556}") = "Prep2", "csharp-prep\Prep2\Prep2.csproj", "{9571A03E-33E0-4A5B-8213-9BBC2CF3E5AF}"
EndProject
Project("{9A19103F-16F7-4668-BE54-9A1E7A4F7556}") = "Prep3", "csharp-prep\Prep3\Prep3.csproj", "{57800775-DFE5-4A9C-B495-1221363C618B}"
EndProject
Project("{9A19103F-16F7-4668-BE54-9A1E7A4F7556}") = "Prep4", "csharp-prep\Prep4\Prep4.csproj", "{6C4893CF-9262-4235-9025-9DAECF4E0083}"
EndProject
Global
	GlobalSection(SolutionConfigurationPlatforms) = preSolution
		Debug|Any CPU = Debug|Any CPU
		Release|Any CPU = Release|Any CPU
	EndGlobalSection
	GlobalSection(ProjectConfigurationPlatforms) = postSolution
		{566FC92C-EB59-40DC-B059-D512606CE63D}.Debug|Any CPU.ActiveCfg = Debug|Any CPU
		{566FC92C-EB59-40DC-B059-D512606CE63D}.Debug|Any CPU.Build.0 = Debug|Any CPU
		{566FC92C-EB59-40DC-B059-D512606CE63D}.Release|Any CPU.ActiveCfg = Release|Any CPU
		{566FC92C-EB59-40DC-B059-D512606CE63D}.Release|Any CPU.Build.0 = Release|Any CPU
		{2D2FFEE6-DF18-43FD-BA4F-E3FC02B5822E}.Debug|Any CPU.ActiveCfg = Debug|Any CPU
		{2D2FFEE6-DF18-43FD-BA4F-E3FC02B5822E}.Debug|Any CPU.Build.0 = Debug|Any CPU
		{2D2FFEE6-DF18-43FD-BA4F-E3FC02B5822E}.Release|Any CPU.ActiveCfg = Release|Any CPU
		{2D2FFEE6-DF18-43FD-BA4F-E3FC02B5822E}.Release|Any CPU.Build.0 = Release|Any CPU
		{74F8BE94-7BAC-417C-9C75-FBFC095CBB76}.Debug|Any CPU.ActiveCfg = Debug|Any CPU
		{74F8BE94-7BAC-417C-9C75-FBFC095CBB76}.Debug|Any CPU.Build.0 = Debug|Any CPU
		{74F8BE94-7BAC-417C-9C75-FBFC095CBB76}.Release|Any CPU.ActiveCfg = Release|Any CPU
		{74F8BE94-7BAC-417C-9C75-FBFC095CBB76}.Release|Any CPU.Build.0 = Release|Any CPU
		{F2FD07AE-065F-47EB-9A16-2F9D81270F7B}.Debug|Any CPU.ActiveCfg = Debug|Any CPU
		{F2FD07AE-065F-47EB-9A16-2F9D81270F7B}.Debug|Any CPU.Build.0 = Debug|Any CPU
		{F2FD07AE-065F-47EB-9A16-2F9D81270F7B}.Release|Any CPU.ActiveCfg = Release|Any CPU
		{F2FD07AE-065F-47EB-9A16-2F9D81270F7B}.Release|Any CPU.Build.0 = Release|Any CPU
		{ED02FAC9-D8AE-432C-8185-909C443B6ACB}.Debug|Any CPU.ActiveCfg = Debug|Any CPU
		{ED02FAC9-D8AE-432C-8185-909C443B6ACB}.Debug|Any CPU.Build.0 = Debug|Any CPU
		{ED02FAC9-D8AE-432C-8185-909C443B6ACB}.Release|Any CPU.ActiveCfg = Release|Any CPU
		{ED02FAC9-D8AE-432C-8185-909C443B6ACB}.Release|Any CPU.Build.0 = Release|Any CPU
		{84B607C1-9B6C-4999-AC1E-12834930377E}.Debug|Any CPU.ActiveCfg = Debug|Any CPU
		{84B607C1-9B6C-4999-AC1E-12834930377E}.Debug|Any CPU.Build.0 = Debug|Any CPU
		{84B607C1-9B6C-4999-AC1E-12834930377E}.Release|Any CPU.ActiveCfg = Release|Any CPU
		{84B607C1-9B6C-4999-AC1E-12834930377E}.Release|Any CPU.Build.0 = Release|Any CPU
		{BEA50F58-1698-4CD5-816D-2F12042D3A40}.Debug|Any CPU.ActiveCfg = Debug|Any CPU
		{BEA50F58-1698-4CD5-816D-2F12042D3A40}.Debug|Any CPU.Build.0 = Debug|Any CPU
		{BEA50F58-1698-4CD5-816D-2F12042D3A40}.Release|Any CPU.ActiveCfg = Release|Any CPU
		{BEA50F58-1698-4CD5-816D-2F12042D3A40}.Release|Any CPU.Build.0 = Release|Any CPU
		{83655B44-9C7D-4351-A8EC-3F60A1FF81F1}.Debug|Any CPU.ActiveCfg = Debug|Any CPU
		{83655B44-9C7D-4351-A8EC-3F60A1FF81F1}.Debug|Any CPU.Build.0 = Debug|Any CPU
		{83655B44-9C7D-4351-A8EC-3F60A1FF81F1}.Release|Any CPU.ActiveCfg = Release|Any CPU
		{83655B44-9C7D-4351-A8EC-3F60A1FF81F1}.Release|Any CPU.Build.0 = Release|Any CPU
		{96242517-41E8-40EB-A3B3-F7FB099AC5A0}.Debug|Any CPU.ActiveCfg = Debug|Any CPU
		{96242517-41E8-40EB-A3B3-F7FB099AC5A0}.Debug|Any CPU.Build.0 = Debug|Any CPU
		{96242517-41E8-40EB-A3B3-F7FB099AC5A0}.Release|Any CPU.ActiveCfg = Release|Any CPU
		{96242517-41E8-40EB-A3B3-F7FB099AC5A0}.Release|Any CPU.Build.0 = Release|Any CPU
		{37BA709D-65CB-4E16-9493-7DEDB6A743B1}.Debug|Any CPU.ActiveCfg = Debug|Any CPU
		{37BA709D-65CB-4E16-9493-7DEDB6A743B1}.Debug|Any CPU.Build.0 = Debug|Any CPU
		{37BA709D-65CB-4E16-9493-7DEDB6A743B1}.Release|Any CPU.ActiveCfg = Release|Any CPU
		{37BA709D-65CB-4E16-9493-7DEDB6A743B1}.Release|Any CPU.Build.0 = Release|Any CPU
		{E0198818-3081-42EB-9BF8-82E853504F6C}.Debug|Any CPU.ActiveCfg = Debug|Any CPU
		{E0198818-3081-42EB-9BF8-82E853504F6C}.Debug|Any CPU.Build.0 = Debug|Any CPU
		{E0198818-3081-42EB-9BF8-82E853504F6C}.Release|Any CPU.ActiveCfg = Release|Any CPU
		{E0198818-3081-42EB-9BF8-82E853504F6C}.Release|Any CPU.Build.0 = Release|Any CPU
		{95B911E5-4CE0-400A-BE46-6E773F678609}.Debug|Any CPU.ActiveCfg = Debug|Any CPU
		{95B911E5-4CE0-400A-BE46-6E773F678609}.Debug|Any CPU.Build.0 = Debug|Any CPU
		{95B911E5-4CE0-400A-BE46-6E773F678609}.Release|Any CPU.ActiveCfg = Release|Any CPU
		{95B911E5-4CE0-400A-BE46-6E773F678609}.Release|Any CPU.Build.0 = Release|Any CPU
		{E8647E95-A0AE-4F2C-A788-B2A39D3702A8}.Debug|Any CPU.ActiveCfg = Debug|Any CPU
		{E8647E95-A0AE-4F2C-A788-B2A39D3702A8}.Debug|Any CPU.Build.0 = Debug|Any CPU
		{E8647E95-A0AE-4F2C-A788-B2A39D3702A8}.Release|Any CPU.ActiveCfg = Release|Any CPU
		{E8647E95-A0AE-4F2C-A788-B2A39D3702A8}.Release|Any CPU.Build.0 = Release|Any CPU
		{A50DBD7C-D703-404F-8CCD-C8D7EA7856B1}.Debug|Any CPU.ActiveCfg = Debug|Any CPU
		{A50DBD7C-D703-404F-8CCD-C8D7EA7856B1}.Debug|Any CPU.Build.0 = Debug|Any CPU
		{A50DBD7C-D703-404F-8CCD-C8D7EA7856B1}.Release|Any CPU.ActiveCfg = Release|Any CPU
		{A50DBD7C-D703-404F-8CCD-C8D7EA7856B1}.Release|Any CPU.Build.0 = Release|Any CPU
		{8E77CDFB-341C-4623-8118-64BE42BF1ED3}.Debug|Any CPU.ActiveCfg = Debug|Any CPU
		{8E77CDFB-341C-4623-8118-64BE42BF1ED3}.Debug|Any CPU.Build.0 = Debug|Any CPU
		{8E77CDFB-341C-4623-8118-64BE42BF1ED3}.Release|Any CPU.ActiveCfg = Release|Any CPU
		{8E77CDFB-341C-4623-8118-64BE42BF1ED3}.Release|Any CPU.Build.0 = Release|Any CPU
		{2276FA28-354D-43AA-B6AA-E842F19F96EB}.Debug|Any CPU.ActiveCfg = Debug|Any CPU
		{2276FA28-354D-43AA-B6AA-E842F19F96EB}.Debug|Any CPU.Build.0 = Debug|Any CPU
		{2276FA28-354D-43AA-B6AA-E842F19F96EB}.Release|Any CPU.ActiveCfg = Release|Any CPU
		{2276FA28-354D-43AA-B6AA-E842F19F96EB}.Release|Any CPU.Build.0 = Release|Any CPU
		{9571A03E-33E0-4A5B-8213-9BBC2CF3E5AF}.Debug|Any CPU.ActiveCfg = Debug|Any CPU
		{9571A03E-33E0-4A5B-8213-9BBC2CF3E5AF}.Debug|Any CPU.Build.0 = Debug|Any CPU
		{9571A03E-33E0-4A5B-8213-9BBC2CF3E5AF}.Release|Any CPU.ActiveCfg = Release|Any CPU
		{9571A03E-33E0-4A5B-8213-9BBC2CF3E5AF}.Release|Any CPU.Build.0 = Release|Any CPU
		{57800775-DFE5-4A9C-B495-1221363C618B}.Debug|Any CPU.ActiveCfg = Debug|Any CPU
		{57800775-DFE5-4A9C-B495-1221363C618B}.Debug|Any CPU.Build.0 = Debug|Any CPU
		{57800775-DFE5-4A9C-B495-1221363C618B}.Release|Any CPU.ActiveCfg = Release|Any CPU
		{57800775-DFE5-4A9C-B495-1221363C618B}.Release|Any CPU.Build.0 = Release|Any CPU
		{6C4893CF-9262-4235-9025-9DAECF4E0083}.Debug|Any CPU.ActiveCfg = Debug|Any CPU
		{6C4893CF-9262-4235-9025-9DAECF4E0083}.Debug|Any CPU.Build.0 = Debug|Any CPU
		{6C4893CF-9262-4235-9025-9DAECF4E0083}.Release|Any CPU.ActiveCfg = Release|Any CPU
		{6C4893CF-9262-4235-9025-9DAECF4E0083}.Release|Any CPU.Build.0 = Release|Any CPU
	EndGlobalSection
	GlobalSection(SolutionProperties) = preSolution
		HideSolutionNode = FALSE
	EndGlobalSection
	GlobalSection(NestedProjects) = preSolution
		{566FC92C-EB59-40DC-B059-D512606CE63D} = {42EFEAFB-9711-4446-81DD-49DEC46AF624}
		{2D2FFEE6-DF18-43FD-BA4F-E3FC02B5822E} = {42EFEAFB-9711-4446-81DD-49DEC46AF624}
		{74F8BE94-7BAC-417C-9C75-FBFC095CBB76} = {42EFEAFB-9711-4446-81DD-49DEC46AF624}
		{F2FD07AE-065F-47EB-9A16-2F9D81270F7B} = {42EFEAFB-9711-4446-81DD-49DEC46AF624}
		{ED02FAC9-D8AE-432C-8185-909C443B6ACB} = {6DEA1AC9-5B7D-48A7-BE9E-A5F91311E55C}
		{84B607C1-9B6C-4999-AC1E-12834930377E} = {6DEA1AC9-5B7D-48A7-BE9E-A5F91311E55C}
		{BEA50F58-1698-4CD5-816D-2F12042D3A40} = {6DEA1AC9-5B7D-48A7-BE9E-A5F91311E55C}
		{83655B44-9C7D-4351-A8EC-3F60A1FF81F1} = {6DEA1AC9-5B7D-48A7-BE9E-A5F91311E55C}
		{96242517-41E8-40EB-A3B3-F7FB099AC5A0} = {CA47DE5E-9941-4269-A32F-4ACB7B45FB51}
		{37BA709D-65CB-4E16-9493-7DEDB6A743B1} = {7AF01F66-5904-48FD-A35F-3DD0A82C1FCE}
		{E0198818-3081-42EB-9BF8-82E853504F6C} = {7AF01F66-5904-48FD-A35F-3DD0A82C1FCE}
		{95B911E5-4CE0-400A-BE46-6E773F678609} = {7AF01F66-5904-48FD-A35F-3DD0A82C1FCE}
		{E8647E95-A0AE-4F2C-A788-B2A39D3702A8} = {7AF01F66-5904-48FD-A35F-3DD0A82C1FCE}
		{A50DBD7C-D703-404F-8CCD-C8D7EA7856B1} = {7AF01F66-5904-48FD-A35F-3DD0A82C1FCE}
		{8E77CDFB-341C-4623-8118-64BE42BF1ED3} = {D503AB58-AF03-4DB9-9797-DD2145231A58}
		{2276FA28-354D-43AA-B6AA-E842F19F96EB} = {D503AB58-AF03-4DB9-9797-DD2145231A58}
		{9571A03E-33E0-4A5B-8213-9BBC2CF3E5AF} = {D503AB58-AF03-4DB9-9797-DD2145231A58}
		{57800775-DFE5-4A9C-B495-1221363C618B} = {D503AB58-AF03-4DB9-9797-DD2145231A58}
		{6C4893CF-9262-4235-9025-9DAECF4E0083} = {D503AB58-AF03-4DB9-9797-DD2145231A58}
	EndGlobalSection
	GlobalSection(ExtensibilityGlobals) = postSolution
		SolutionGuid = {3722B3F7-4693-4C2A-878C-2B5DE938C9A1}
	EndGlobalSection
EndGlobal
